
Microsoft Visual Studio Solution File, Format Version 12.00
# Visual Studio Version 16
VisualStudioVersion = 16.0.31605.320
MinimumVisualStudioVersion = 10.0.40219.1
Project("{FAE04EC0-301F-11D3-BF4B-00C04F79EFBC}") = "Lesson3Tasks", "Lesson3Tasks.csproj", "{A1AA9CE9-BE2B-4FE0-8408-C073026BA118}"
EndProject
Global
	GlobalSection(SolutionConfigurationPlatforms) = preSolution
		Debug|Any CPU = Debug|Any CPU
		Release|Any CPU = Release|Any CPU
	EndGlobalSection
	GlobalSection(ProjectConfigurationPlatforms) = postSolution
		{A1AA9CE9-BE2B-4FE0-8408-C073026BA118}.Debug|Any CPU.ActiveCfg = Debug|Any CPU
		{A1AA9CE9-BE2B-4FE0-8408-C073026BA118}.Debug|Any CPU.Build.0 = Debug|Any CPU
		{A1AA9CE9-BE2B-4FE0-8408-C073026BA118}.Release|Any CPU.ActiveCfg = Release|Any CPU
		{A1AA9CE9-BE2B-4FE0-8408-C073026BA118}.Release|Any CPU.Build.0 = Release|Any CPU
	EndGlobalSection
	GlobalSection(SolutionProperties) = preSolution
		HideSolutionNode = FALSE
	EndGlobalSection
	GlobalSection(ExtensibilityGlobals) = postSolution
		SolutionGuid = {94836C14-BBCE-47F3-9469-31B9205DC3ED}
	EndGlobalSection
EndGlobal
